// !$*UTF8*$!
{
	archiveVersion = 1;
	classes = {
	};
	objectVersion = 56;
	objects = {

/* Begin PBXBuildFile section */
		489CDBD02940EEC700E4A064 /* AppDelegate.swift in Sources */ = {isa = PBXBuildFile; fileRef = 489CDBCF2940EEC700E4A064 /* AppDelegate.swift */; };
		489CDBD22940EEC700E4A064 /* SceneDelegate.swift in Sources */ = {isa = PBXBuildFile; fileRef = 489CDBD12940EEC700E4A064 /* SceneDelegate.swift */; };
		489CDBD42940EEC700E4A064 /* ViewController.swift in Sources */ = {isa = PBXBuildFile; fileRef = 489CDBD32940EEC700E4A064 /* ViewController.swift */; };
		489CDBD72940EEC700E4A064 /* Main.storyboard in Resources */ = {isa = PBXBuildFile; fileRef = 489CDBD52940EEC700E4A064 /* Main.storyboard */; };
		489CDBD92940EEC800E4A064 /* Assets.xcassets in Resources */ = {isa = PBXBuildFile; fileRef = 489CDBD82940EEC800E4A064 /* Assets.xcassets */; };
		489CDBDC2940EEC800E4A064 /* LaunchScreen.storyboard in Resources */ = {isa = PBXBuildFile; fileRef = 489CDBDA2940EEC800E4A064 /* LaunchScreen.storyboard */; };
		489CDBE42940EF5700E4A064 /* Utils.swift in Sources */ = {isa = PBXBuildFile; fileRef = 489CDBE32940EF5700E4A064 /* Utils.swift */; };
		489CDBE62940EF8000E4A064 /* yolov5n.mlmodel in Sources */ = {isa = PBXBuildFile; fileRef = 489CDBE52940EF8000E4A064 /* yolov5n.mlmodel */; };
/* End PBXBuildFile section */

/* Begin PBXFileReference section */
		489CDBCC2940EEC700E4A064 /* Tamrati.app */ = {isa = PBXFileReference; explicitFileType = wrapper.application; includeInIndex = 0; path = Tamrati.app; sourceTree = BUILT_PRODUCTS_DIR; };
		489CDBCF2940EEC700E4A064 /* AppDelegate.swift */ = {isa = PBXFileReference; lastKnownFileType = sourcecode.swift; path = AppDelegate.swift; sourceTree = "<group>"; };
		489CDBD12940EEC700E4A064 /* SceneDelegate.swift */ = {isa = PBXFileReference; lastKnownFileType = sourcecode.swift; path = SceneDelegate.swift; sourceTree = "<group>"; };
		489CDBD32940EEC700E4A064 /* ViewController.swift */ = {isa = PBXFileReference; lastKnownFileType = sourcecode.swift; path = ViewController.swift; sourceTree = "<group>"; };
		489CDBD62940EEC700E4A064 /* Base */ = {isa = PBXFileReference; lastKnownFileType = file.storyboard; name = Base; path = Base.lproj/Main.storyboard; sourceTree = "<group>"; };
		489CDBD82940EEC800E4A064 /* Assets.xcassets */ = {isa = PBXFileReference; lastKnownFileType = folder.assetcatalog; path = Assets.xcassets; sourceTree = "<group>"; };
		489CDBDB2940EEC800E4A064 /* Base */ = {isa = PBXFileReference; lastKnownFileType = file.storyboard; name = Base; path = Base.lproj/LaunchScreen.storyboard; sourceTree = "<group>"; };
		489CDBDD2940EEC800E4A064 /* Info.plist */ = {isa = PBXFileReference; lastKnownFileType = text.plist.xml; path = Info.plist; sourceTree = "<group>"; };
		489CDBE32940EF5700E4A064 /* Utils.swift */ = {isa = PBXFileReference; fileEncoding = 4; lastKnownFileType = sourcecode.swift; path = Utils.swift; sourceTree = "<group>"; };
		489CDBE52940EF8000E4A064 /* yolov5n.mlmodel */ = {isa = PBXFileReference; lastKnownFileType = file.mlmodel; path = yolov5n.mlmodel; sourceTree = "<group>"; };
/* End PBXFileReference section */

/* Begin PBXFrameworksBuildPhase section */
		489CDBC92940EEC700E4A064 /* Frameworks */ = {
			isa = PBXFrameworksBuildPhase;
			buildActionMask = 2147483647;
			files = (
			);
			runOnlyForDeploymentPostprocessing = 0;
		};
/* End PBXFrameworksBuildPhase section */

/* Begin PBXGroup section */
		489CDBC32940EEC700E4A064 = {
			isa = PBXGroup;
			children = (
				489CDBCE2940EEC700E4A064 /* Tamrati */,
				489CDBCD2940EEC700E4A064 /* Products */,
			);
			sourceTree = "<group>";
		};
		489CDBCD2940EEC700E4A064 /* Products */ = {
			isa = PBXGroup;
			children = (
				489CDBCC2940EEC700E4A064 /* Tamrati.app */,
			);
			name = Products;
			sourceTree = "<group>";
		};
		489CDBCE2940EEC700E4A064 /* Tamrati */ = {
			isa = PBXGroup;
			children = (
				489CDBCF2940EEC700E4A064 /* AppDelegate.swift */,
				489CDBD12940EEC700E4A064 /* SceneDelegate.swift */,
				489CDBD32940EEC700E4A064 /* ViewController.swift */,
				489CDBD52940EEC700E4A064 /* Main.storyboard */,
				489CDBE32940EF5700E4A064 /* Utils.swift */,
				489CDBD82940EEC800E4A064 /* Assets.xcassets */,
				489CDBDA2940EEC800E4A064 /* LaunchScreen.storyboard */,
				489CDBE52940EF8000E4A064 /* yolov5n.mlmodel */,
				489CDBDD2940EEC800E4A064 /* Info.plist */,
			);
			path = Tamrati;
			sourceTree = "<group>";
		};
/* End PBXGroup section */

/* Begin PBXNativeTarget section */
		489CDBCB2940EEC700E4A064 /* Tamrati */ = {
			isa = PBXNativeTarget;
			buildConfigurationList = 489CDBE02940EEC800E4A064 /* Build configuration list for PBXNativeTarget "Tamrati" */;
			buildPhases = (
				489CDBC82940EEC700E4A064 /* Sources */,
				489CDBC92940EEC700E4A064 /* Frameworks */,
				489CDBCA2940EEC700E4A064 /* Resources */,
			);
			buildRules = (
			);
			dependencies = (
			);
			name = Tamrati;
			productName = Tamrati;
			productReference = 489CDBCC2940EEC700E4A064 /* Tamrati.app */;
			productType = "com.apple.product-type.application";
		};
/* End PBXNativeTarget section */

/* Begin PBXProject section */
		489CDBC42940EEC700E4A064 /* Project object */ = {
			isa = PBXProject;
			attributes = {
				BuildIndependentTargetsInParallel = 1;
				LastSwiftUpdateCheck = 1410;
				LastUpgradeCheck = 1410;
				TargetAttributes = {
					489CDBCB2940EEC700E4A064 = {
						CreatedOnToolsVersion = 14.1;
					};
				};
			};
			buildConfigurationList = 489CDBC72940EEC700E4A064 /* Build configuration list for PBXProject "Tamrati" */;
			compatibilityVersion = "Xcode 14.0";
			developmentRegion = en;
			hasScannedForEncodings = 0;
			knownRegions = (
				en,
				Base,
			);
			mainGroup = 489CDBC32940EEC700E4A064;
			productRefGroup = 489CDBCD2940EEC700E4A064 /* Products */;
			projectDirPath = "";
			projectRoot = "";
			targets = (
				489CDBCB2940EEC700E4A064 /* Tamrati */,
			);
		};
/* End PBXProject section */

/* Begin PBXResourcesBuildPhase section */
		489CDBCA2940EEC700E4A064 /* Resources */ = {
			isa = PBXResourcesBuildPhase;
			buildActionMask = 2147483647;
			files = (
				489CDBDC2940EEC800E4A064 /* LaunchScreen.storyboard in Resources */,
				489CDBD92940EEC800E4A064 /* Assets.xcassets in Resources */,
				489CDBD72940EEC700E4A064 /* Main.storyboard in Resources */,
			);
			runOnlyForDeploymentPostprocessing = 0;
		};
/* End PBXResourcesBuildPhase section */

/* Begin PBXSourcesBuildPhase section */
		489CDBC82940EEC700E4A064 /* Sources */ = {
			isa = PBXSourcesBuildPhase;
			buildActionMask = 2147483647;
			files = (
				489CDBD42940EEC700E4A064 /* ViewController.swift in Sources */,
				489CDBD02940EEC700E4A064 /* AppDelegate.swift in Sources */,
				489CDBD22940EEC700E4A064 /* SceneDelegate.swift in Sources */,
				489CDBE42940EF5700E4A064 /* Utils.swift in Sources */,
				489CDBE62940EF8000E4A064 /* yolov5n.mlmodel in Sources */,
			);
			runOnlyForDeploymentPostprocessing = 0;
		};
/* End PBXSourcesBuildPhase section */

/* Begin PBXVariantGroup section */
		489CDBD52940EEC700E4A064 /* Main.storyboard */ = {
			isa = PBXVariantGroup;
			children = (
				489CDBD62940EEC700E4A064 /* Base */,
			);
			name = Main.storyboard;
			sourceTree = "<group>";
		};
		489CDBDA2940EEC800E4A064 /* LaunchScreen.storyboard */ = {
			isa = PBXVariantGroup;
			children = (
				489CDBDB2940EEC800E4A064 /* Base */,
			);
			name = LaunchScreen.storyboard;
			sourceTree = "<group>";
		};
/* End PBXVariantGroup section */

/* Begin XCBuildConfiguration section */
		489CDBDE2940EEC800E4A064 /* Debug */ = {
			isa = XCBuildConfiguration;
			buildSettings = {
				ALWAYS_SEARCH_USER_PATHS = NO;
				CLANG_ANALYZER_NONNULL = YES;
				CLANG_ANALYZER_NUMBER_OBJECT_CONVERSION = YES_AGGRESSIVE;
				CLANG_CXX_LANGUAGE_STANDARD = "gnu++20";
				CLANG_ENABLE_MODULES = YES;
				CLANG_ENABLE_OBJC_ARC = YES;
				CLANG_ENABLE_OBJC_WEAK = YES;
				CLANG_WARN_BLOCK_CAPTURE_AUTORELEASING = YES;
				CLANG_WARN_BOOL_CONVERSION = YES;
				CLANG_WARN_COMMA = YES;
				CLANG_WARN_CONSTANT_CONVERSION = YES;
				CLANG_WARN_DEPRECATED_OBJC_IMPLEMENTATIONS = YES;
				CLANG_WARN_DIRECT_OBJC_ISA_USAGE = YES_ERROR;
				CLANG_WARN_DOCUMENTATION_COMMENTS = YES;
				CLANG_WARN_EMPTY_BODY = YES;
				CLANG_WARN_ENUM_CONVERSION = YES;
				CLANG_WARN_INFINITE_RECURSION = YES;
				CLANG_WARN_INT_CONVERSION = YES;
				CLANG_WARN_NON_LITERAL_NULL_CONVERSION = YES;
				CLANG_WARN_OBJC_IMPLICIT_RETAIN_SELF = YES;
				CLANG_WARN_OBJC_LITERAL_CONVERSION = YES;
				CLANG_WARN_OBJC_ROOT_CLASS = YES_ERROR;
				CLANG_WARN_QUOTED_INCLUDE_IN_FRAMEWORK_HEADER = YES;
				CLANG_WARN_RANGE_LOOP_ANALYSIS = YES;
				CLANG_WARN_STRICT_PROTOTYPES = YES;
				CLANG_WARN_SUSPICIOUS_MOVE = YES;
				CLANG_WARN_UNGUARDED_AVAILABILITY = YES_AGGRESSIVE;
				CLANG_WARN_UNREACHABLE_CODE = YES;
				CLANG_WARN__DUPLICATE_METHOD_MATCH = YES;
				COPY_PHASE_STRIP = NO;
				DEBUG_INFORMATION_FORMAT = dwarf;
				ENABLE_STRICT_OBJC_MSGSEND = YES;
				ENABLE_TESTABILITY = YES;
				GCC_C_LANGUAGE_STANDARD = gnu11;
				GCC_DYNAMIC_NO_PIC = NO;
				GCC_NO_COMMON_BLOCKS = YES;
				GCC_OPTIMIZATION_LEVEL = 0;
				GCC_PREPROCESSOR_DEFINITIONS = (
					"DEBUG=1",
					"$(inherited)",
				);
				GCC_WARN_64_TO_32_BIT_CONVERSION = YES;
				GCC_WARN_ABOUT_RETURN_TYPE = YES_ERROR;
				GCC_WARN_UNDECLARED_SELECTOR = YES;
				GCC_WARN_UNINITIALIZED_AUTOS = YES_AGGRESSIVE;
				GCC_WARN_UNUSED_FUNCTION = YES;
				GCC_WARN_UNUSED_VARIABLE = YES;
				IPHONEOS_DEPLOYMENT_TARGET = 16.1;
				MTL_ENABLE_DEBUG_INFO = INCLUDE_SOURCE;
				MTL_FAST_MATH = YES;
				ONLY_ACTIVE_ARCH = YES;
				SDKROOT = iphoneos;
				SWIFT_ACTIVE_COMPILATION_CONDITIONS = DEBUG;
				SWIFT_OPTIMIZATION_LEVEL = "-Onone";
			};
			name = Debug;
		};
		489CDBDF2940EEC800E4A064 /* Release */ = {
			isa = XCBuildConfiguration;
			buildSettings = {
				ALWAYS_SEARCH_USER_PATHS = NO;
				CLANG_ANALYZER_NONNULL = YES;
				CLANG_ANALYZER_NUMBER_OBJECT_CONVERSION = YES_AGGRESSIVE;
				CLANG_CXX_LANGUAGE_STANDARD = "gnu++20";
				CLANG_ENABLE_MODULES = YES;
				CLANG_ENABLE_OBJC_ARC = YES;
				CLANG_ENABLE_OBJC_WEAK = YES;
				CLANG_WARN_BLOCK_CAPTURE_AUTORELEASING = YES;
				CLANG_WARN_BOOL_CONVERSION = YES;
				CLANG_WARN_COMMA = YES;
				CLANG_WARN_CONSTANT_CONVERSION = YES;
				CLANG_WARN_DEPRECATED_OBJC_IMPLEMENTATIONS = YES;
				CLANG_WARN_DIRECT_OBJC_ISA_USAGE = YES_ERROR;
				CLANG_WARN_DOCUMENTATION_COMMENTS = YES;
				CLANG_WARN_EMPTY_BODY = YES;
				CLANG_WARN_ENUM_CONVERSION = YES;
				CLANG_WARN_INFINITE_RECURSION = YES;
				CLANG_WARN_INT_CONVERSION = YES;
				CLANG_WARN_NON_LITERAL_NULL_CONVERSION = YES;
				CLANG_WARN_OBJC_IMPLICIT_RETAIN_SELF = YES;
				CLANG_WARN_OBJC_LITERAL_CONVERSION = YES;
				CLANG_WARN_OBJC_ROOT_CLASS = YES_ERROR;
				CLANG_WARN_QUOTED_INCLUDE_IN_FRAMEWORK_HEADER = YES;
				CLANG_WARN_RANGE_LOOP_ANALYSIS = YES;
				CLANG_WARN_STRICT_PROTOTYPES = YES;
				CLANG_WARN_SUSPICIOUS_MOVE = YES;
				CLANG_WARN_UNGUARDED_AVAILABILITY = YES_AGGRESSIVE;
				CLANG_WARN_UNREACHABLE_CODE = YES;
				CLANG_WARN__DUPLICATE_METHOD_MATCH = YES;
				COPY_PHASE_STRIP = NO;
				DEBUG_INFORMATION_FORMAT = "dwarf-with-dsym";
				ENABLE_NS_ASSERTIONS = NO;
				ENABLE_STRICT_OBJC_MSGSEND = YES;
				GCC_C_LANGUAGE_STANDARD = gnu11;
				GCC_NO_COMMON_BLOCKS = YES;
				GCC_WARN_64_TO_32_BIT_CONVERSION = YES;
				GCC_WARN_ABOUT_RETURN_TYPE = YES_ERROR;
				GCC_WARN_UNDECLARED_SELECTOR = YES;
				GCC_WARN_UNINITIALIZED_AUTOS = YES_AGGRESSIVE;
				GCC_WARN_UNUSED_FUNCTION = YES;
				GCC_WARN_UNUSED_VARIABLE = YES;
				IPHONEOS_DEPLOYMENT_TARGET = 16.1;
				MTL_ENABLE_DEBUG_INFO = NO;
				MTL_FAST_MATH = YES;
				SDKROOT = iphoneos;
				SWIFT_COMPILATION_MODE = wholemodule;
				SWIFT_OPTIMIZATION_LEVEL = "-O";
				VALIDATE_PRODUCT = YES;
			};
			name = Release;
		};
		489CDBE12940EEC800E4A064 /* Debug */ = {
			isa = XCBuildConfiguration;
			buildSettings = {
				ASSETCATALOG_COMPILER_APPICON_NAME = AppIcon;
				ASSETCATALOG_COMPILER_GLOBAL_ACCENT_COLOR_NAME = AccentColor;
				CODE_SIGN_STYLE = Automatic;
				CURRENT_PROJECT_VERSION = 1;
				DEVELOPMENT_TEAM = 7J6RDV327Q;
				GENERATE_INFOPLIST_FILE = YES;
				INFOPLIST_FILE = Tamrati/Info.plist;
				INFOPLIST_KEY_UIApplicationSupportsIndirectInputEvents = YES;
				INFOPLIST_KEY_UILaunchStoryboardName = LaunchScreen;
				INFOPLIST_KEY_UIMainStoryboardFile = Main;
				INFOPLIST_KEY_UISupportedInterfaceOrientations_iPad = "UIInterfaceOrientationPortrait UIInterfaceOrientationPortraitUpsideDown UIInterfaceOrientationLandscapeLeft UIInterfaceOrientationLandscapeRight";
				INFOPLIST_KEY_UISupportedInterfaceOrientations_iPhone = "UIInterfaceOrientationPortrait UIInterfaceOrientationLandscapeLeft UIInterfaceOrientationLandscapeRight";
				LD_RUNPATH_SEARCH_PATHS = (
					"$(inherited)",
					"@executable_path/Frameworks",
				);
				MARKETING_VERSION = 1.0;
				PRODUCT_BUNDLE_IDENTIFIER = yazidsdead.com.Tamrati;
				PRODUCT_NAME = "$(TARGET_NAME)";
				SWIFT_EMIT_LOC_STRINGS = YES;
				SWIFT_VERSION = 5.0;
				TARGETED_DEVICE_FAMILY = "1,2";
			};
			name = Debug;
		};
		489CDBE22940EEC800E4A064 /* Release */ = {
			isa = XCBuildConfiguration;
			buildSettings = {
				ASSETCATALOG_COMPILER_APPICON_NAME = AppIcon;
				ASSETCATALOG_COMPILER_GLOBAL_ACCENT_COLOR_NAME = AccentColor;
				CODE_SIGN_STYLE = Automatic;
				CURRENT_PROJECT_VERSION = 1;
				DEVELOPMENT_TEAM = 7J6RDV327Q;
				GENERATE_INFOPLIST_FILE = YES;
				INFOPLIST_FILE = Tamrati/Info.plist;
				INFOPLIST_KEY_UIApplicationSupportsIndirectInputEvents = YES;
				INFOPLIST_KEY_UILaunchStoryboardName = LaunchScreen;
				INFOPLIST_KEY_UIMainStoryboardFile = Main;
				INFOPLIST_KEY_UISupportedInterfaceOrientations_iPad = "UIInterfaceOrientationPortrait UIInterfaceOrientationPortraitUpsideDown UIInterfaceOrientationLandscapeLeft UIInterfaceOrientationLandscapeRight";
				INFOPLIST_KEY_UISupportedInterfaceOrientations_iPhone = "UIInterfaceOrientationPortrait UIInterfaceOrientationLandscapeLeft UIInterfaceOrientationLandscapeRight";
				LD_RUNPATH_SEARCH_PATHS = (
					"$(inherited)",
					"@executable_path/Frameworks",
				);
				MARKETING_VERSION = 1.0;
				PRODUCT_BUNDLE_IDENTIFIER = yazidsdead.com.Tamrati;
				PRODUCT_NAME = "$(TARGET_NAME)";
				SWIFT_EMIT_LOC_STRINGS = YES;
				SWIFT_VERSION = 5.0;
				TARGETED_DEVICE_FAMILY = "1,2";
			};
			name = Release;
		};
/* End XCBuildConfiguration section */

/* Begin XCConfigurationList section */
		489CDBC72940EEC700E4A064 /* Build configuration list for PBXProject "Tamrati" */ = {
			isa = XCConfigurationList;
			buildConfigurations = (
				489CDBDE2940EEC800E4A064 /* Debug */,
				489CDBDF2940EEC800E4A064 /* Release */,
			);
			defaultConfigurationIsVisible = 0;
			defaultConfigurationName = Release;
		};
		489CDBE02940EEC800E4A064 /* Build configuration list for PBXNativeTarget "Tamrati" */ = {
			isa = XCConfigurationList;
			buildConfigurations = (
				489CDBE12940EEC800E4A064 /* Debug */,
				489CDBE22940EEC800E4A064 /* Release */,
			);
			defaultConfigurationIsVisible = 0;
			defaultConfigurationName = Release;
		};
/* End XCConfigurationList section */
	};
	rootObject = 489CDBC42940EEC700E4A064 /* Project object */;
}
